
Microsoft Visual Studio Solution File, Format Version 12.00
# Visual Studio Version 17
VisualStudioVersion = 17.3.32929.385
MinimumVisualStudioVersion = 10.0.40219.1
Project("{8BC9CEB8-8B4A-11D0-8D11-00A0C91BC942}") = "RunPEFromMemory", "RunPEFromMemory\RunPEFromMemory.vcxproj", "{A891434A-F433-43C5-891B-36A88CFB304B}"
EndProject
Global
	GlobalSection(SolutionConfigurationPlatforms) = preSolution
		Debug|x64 = Debug|x64
		Debug|x86 = Debug|x86
		Release|x64 = Release|x64
		Release|x86 = Release|x86
	EndGlobalSection
	GlobalSection(ProjectConfigurationPlatforms) = postSolution
		{A891434A-F433-43C5-891B-36A88CFB304B}.Debug|x64.ActiveCfg = Debug|x64
		{A891434A-F433-43C5-891B-36A88CFB304B}.Debug|x64.Build.0 = Debug|x64
		{A891434A-F433-43C5-891B-36A88CFB304B}.Debug|x86.ActiveCfg = Debug|Win32
		{A891434A-F433-43C5-891B-36A88CFB304B}.Debug|x86.Build.0 = Debug|Win32
		{A891434A-F433-43C5-891B-36A88CFB304B}.Release|x64.ActiveCfg = Release|x64
		{A891434A-F433-43C5-891B-36A88CFB304B}.Release|x64.Build.0 = Release|x64
		{A891434A-F433-43C5-891B-36A88CFB304B}.Release|x86.ActiveCfg = Release|Win32
		{A891434A-F433-43C5-891B-36A88CFB304B}.Release|x86.Build.0 = Release|Win32
	EndGlobalSection
	GlobalSection(SolutionProperties) = preSolution
		HideSolutionNode = FALSE
	EndGlobalSection
	GlobalSection(ExtensibilityGlobals) = postSolution
		SolutionGuid = {FCFA7EED-B70D-4C1B-B319-804EC5D9983D}
	EndGlobalSection
EndGlobal
